
Microsoft Visual Studio Solution File, Format Version 12.00
# Visual Studio Version 17
VisualStudioVersion = 17.6.33815.320
MinimumVisualStudioVersion = 10.0.40219.1
Project("{FAE04EC0-301F-11D3-BF4B-00C04F79EFBC}") = "ModpackManagement", "ModpackManagement.csproj", "{18752A8E-4903-4CBF-9EE7-94773EA7C5F5}"
EndProject
Global
	GlobalSection(SolutionConfigurationPlatforms) = preSolution
		Debug|Any CPU = Debug|Any CPU
		Release|Any CPU = Release|Any CPU
	EndGlobalSection
	GlobalSection(ProjectConfigurationPlatforms) = postSolution
		{18752A8E-4903-4CBF-9EE7-94773EA7C5F5}.Debug|Any CPU.ActiveCfg = Debug|Any CPU
		{18752A8E-4903-4CBF-9EE7-94773EA7C5F5}.Debug|Any CPU.Build.0 = Debug|Any CPU
		{18752A8E-4903-4CBF-9EE7-94773EA7C5F5}.Release|Any CPU.ActiveCfg = Release|Any CPU
		{18752A8E-4903-4CBF-9EE7-94773EA7C5F5}.Release|Any CPU.Build.0 = Release|Any CPU
	EndGlobalSection
	GlobalSection(SolutionProperties) = preSolution
		HideSolutionNode = FALSE
	EndGlobalSection
	GlobalSection(ExtensibilityGlobals) = postSolution
		SolutionGuid = {BC6C39F4-AA2E-4A92-9444-466D3598F2B1}
	EndGlobalSection
EndGlobal
